
Microsoft Visual Studio Solution File, Format Version 12.00
# Visual Studio Version 17
VisualStudioVersion = 17.5.33530.505
MinimumVisualStudioVersion = 10.0.40219.1
Project("{9A19103F-16F7-4668-BE54-9A1E7A4F7556}") = "Vectorize", "Vectorize\Vectorize.csproj", "{68289028-AC86-47AD-8D31-234825508A2A}"
EndProject
Project("{9A19103F-16F7-4668-BE54-9A1E7A4F7556}") = "Search", "Search\Search.csproj", "{E8C2FE79-83B4-460F-BACD-467E9200C9DD}"
EndProject
Project("{2150E333-8FDC-42A3-9474-1A3956D46DE8}") = "Solution Items", "Solution Items", "{D7AF34B5-704A-406D-962A-B27B064F23C0}"
	ProjectSection(SolutionItems) = preProject
		azuredeploy.bicep = azuredeploy.bicep
		azuredeploy.json = azuredeploy.json
		LICENSE = LICENSE
		README.md = README.md
		azuredeploynoaoai.bicep = azuredeploynoaoai.bicep
		azuredeploy-jc.bicep = azuredeploy-jc.bicep
	EndProjectSection
EndProject
Project("{9A19103F-16F7-4668-BE54-9A1E7A4F7556}") = "SharedLib", "SharedLib\SharedLib.csproj", "{FF807B70-8F25-4A28-A017-3DA79ADD4DB2}"
EndProject
Project("{2150E333-8FDC-42A3-9474-1A3956D46DE8}") = "tools", "tools", "{C181E388-6304-4EB3-8B54-D12435A28CC1}"
EndProject
Project("{FAE04EC0-301F-11D3-BF4B-00C04F79EFBC}") = "ImageToText", "tools\ImageToText\ImageToText.csproj", "{E6CB55B7-083C-4B02-A6D4-C154315A83F8}"
EndProject
Project("{FAE04EC0-301F-11D3-BF4B-00C04F79EFBC}") = "VectorizeDescription", "tools\VectorizeDescription\VectorizeDescription.csproj", "{1DBD8E74-E6FB-4B5A-AEDA-FDFFFC12A362}"
EndProject
Project("{FAE04EC0-301F-11D3-BF4B-00C04F79EFBC}") = "ChatAPI", "ChatAPI\ChatAPI.csproj", "{6CD1E221-B13D-4F15-BD8A-BC6018BF05F4}"
EndProject
Global
	GlobalSection(SolutionConfigurationPlatforms) = preSolution
		Debug|Any CPU = Debug|Any CPU
		Release|Any CPU = Release|Any CPU
	EndGlobalSection
	GlobalSection(ProjectConfigurationPlatforms) = postSolution
		{68289028-AC86-47AD-8D31-234825508A2A}.Debug|Any CPU.ActiveCfg = Debug|Any CPU
		{68289028-AC86-47AD-8D31-234825508A2A}.Debug|Any CPU.Build.0 = Debug|Any CPU
		{68289028-AC86-47AD-8D31-234825508A2A}.Release|Any CPU.ActiveCfg = Release|Any CPU
		{68289028-AC86-47AD-8D31-234825508A2A}.Release|Any CPU.Build.0 = Release|Any CPU
		{E8C2FE79-83B4-460F-BACD-467E9200C9DD}.Debug|Any CPU.ActiveCfg = Debug|Any CPU
		{E8C2FE79-83B4-460F-BACD-467E9200C9DD}.Debug|Any CPU.Build.0 = Debug|Any CPU
		{E8C2FE79-83B4-460F-BACD-467E9200C9DD}.Release|Any CPU.ActiveCfg = Release|Any CPU
		{E8C2FE79-83B4-460F-BACD-467E9200C9DD}.Release|Any CPU.Build.0 = Release|Any CPU
		{FF807B70-8F25-4A28-A017-3DA79ADD4DB2}.Debug|Any CPU.ActiveCfg = Debug|Any CPU
		{FF807B70-8F25-4A28-A017-3DA79ADD4DB2}.Debug|Any CPU.Build.0 = Debug|Any CPU
		{FF807B70-8F25-4A28-A017-3DA79ADD4DB2}.Release|Any CPU.ActiveCfg = Release|Any CPU
		{FF807B70-8F25-4A28-A017-3DA79ADD4DB2}.Release|Any CPU.Build.0 = Release|Any CPU
		{E6CB55B7-083C-4B02-A6D4-C154315A83F8}.Debug|Any CPU.ActiveCfg = Debug|Any CPU
		{E6CB55B7-083C-4B02-A6D4-C154315A83F8}.Debug|Any CPU.Build.0 = Debug|Any CPU
		{E6CB55B7-083C-4B02-A6D4-C154315A83F8}.Release|Any CPU.ActiveCfg = Release|Any CPU
		{E6CB55B7-083C-4B02-A6D4-C154315A83F8}.Release|Any CPU.Build.0 = Release|Any CPU
		{1DBD8E74-E6FB-4B5A-AEDA-FDFFFC12A362}.Debug|Any CPU.ActiveCfg = Debug|Any CPU
		{1DBD8E74-E6FB-4B5A-AEDA-FDFFFC12A362}.Debug|Any CPU.Build.0 = Debug|Any CPU
		{1DBD8E74-E6FB-4B5A-AEDA-FDFFFC12A362}.Release|Any CPU.ActiveCfg = Release|Any CPU
		{1DBD8E74-E6FB-4B5A-AEDA-FDFFFC12A362}.Release|Any CPU.Build.0 = Release|Any CPU
		{6CD1E221-B13D-4F15-BD8A-BC6018BF05F4}.Debug|Any CPU.ActiveCfg = Debug|Any CPU
		{6CD1E221-B13D-4F15-BD8A-BC6018BF05F4}.Debug|Any CPU.Build.0 = Debug|Any CPU
		{6CD1E221-B13D-4F15-BD8A-BC6018BF05F4}.Release|Any CPU.ActiveCfg = Release|Any CPU
		{6CD1E221-B13D-4F15-BD8A-BC6018BF05F4}.Release|Any CPU.Build.0 = Release|Any CPU
	EndGlobalSection
	GlobalSection(SolutionProperties) = preSolution
		HideSolutionNode = FALSE
	EndGlobalSection
	GlobalSection(ExtensibilityGlobals) = postSolution
		SolutionGuid = {FF5DE858-4B85-4EE8-8A6D-46E8E4FBA078}
	EndGlobalSection
	GlobalSection(NestedProjects) = preSolution
		{E6CB55B7-083C-4B02-A6D4-C154315A83F8} = {C181E388-6304-4EB3-8B54-D12435A28CC1}
		{1DBD8E74-E6FB-4B5A-AEDA-FDFFFC12A362} = {C181E388-6304-4EB3-8B54-D12435A28CC1}
	EndGlobalSection
EndGlobal
